
Microsoft Visual Studio Solution File, Format Version 12.00
# Visual Studio Version 16
VisualStudioVersion = 16.0.29519.181
MinimumVisualStudioVersion = 10.0.40219.1
Project("{FAE04EC0-301F-11D3-BF4B-00C04F79EFBC}") = "Lab7RegularExpressions", "Lab7RegularExpressions\Lab7RegularExpressions.csproj", "{5D45BC2B-BCED-4A43-83E9-10C34B250D1B}"
EndProject
Global
	GlobalSection(SolutionConfigurationPlatforms) = preSolution
		Debug|Any CPU = Debug|Any CPU
		Release|Any CPU = Release|Any CPU
	EndGlobalSection
	GlobalSection(ProjectConfigurationPlatforms) = postSolution
		{5D45BC2B-BCED-4A43-83E9-10C34B250D1B}.Debug|Any CPU.ActiveCfg = Debug|Any CPU
		{5D45BC2B-BCED-4A43-83E9-10C34B250D1B}.Debug|Any CPU.Build.0 = Debug|Any CPU
		{5D45BC2B-BCED-4A43-83E9-10C34B250D1B}.Release|Any CPU.ActiveCfg = Release|Any CPU
		{5D45BC2B-BCED-4A43-83E9-10C34B250D1B}.Release|Any CPU.Build.0 = Release|Any CPU
	EndGlobalSection
	GlobalSection(SolutionProperties) = preSolution
		HideSolutionNode = FALSE
	EndGlobalSection
	GlobalSection(ExtensibilityGlobals) = postSolution
		SolutionGuid = {7007FB6E-9346-407C-929A-9D67E6AF8D30}
	EndGlobalSection
EndGlobal
